
Microsoft Visual Studio Solution File, Format Version 12.00
# Visual Studio Version 17
VisualStudioVersion = 17.7.34221.43
MinimumVisualStudioVersion = 10.0.40219.1
Project("{2150E333-8FDC-42A3-9474-1A3956D46DE8}") = "src", "src", "{EE2C5AD1-A8A5-498B-9AEF-3A5B1032CBE9}"
	ProjectSection(SolutionItems) = preProject
		docker-compose.yml = docker-compose.yml
	EndProjectSection
EndProject
Project("{2150E333-8FDC-42A3-9474-1A3956D46DE8}") = "Services", "Services", "{A49B3BE5-F260-4D7D-87D2-766AB819F853}"
EndProject
Project("{9A19103F-16F7-4668-BE54-9A1E7A4F7556}") = "AuctionService", "AuctionService\AuctionService.csproj", "{D62B56C8-1FBF-4A32-9055-805DB67C87C9}"
EndProject
Project("{FAE04EC0-301F-11D3-BF4B-00C04F79EFBC}") = "SearchService", "SearchService\SearchService.csproj", "{1887B48F-A0AC-4AAA-81B3-67F8C7D999A2}"
EndProject
Project("{FAE04EC0-301F-11D3-BF4B-00C04F79EFBC}") = "Contracts", "Contracts\Contracts.csproj", "{06B6A968-D0BB-4281-9590-5EA21B202D1B}"
EndProject
Project("{FAE04EC0-301F-11D3-BF4B-00C04F79EFBC}") = "IdentityService", "src\Services\IdentityService\IdentityService.csproj", "{86985DFD-A4FE-4483-B751-1AC970BAFAD5}"
EndProject
Project("{FAE04EC0-301F-11D3-BF4B-00C04F79EFBC}") = "GatewayService", "src\Services\GatewayService\GatewayService.csproj", "{136EB094-EFAD-47EB-A03D-F176D7548E40}"
EndProject
Global
	GlobalSection(SolutionConfigurationPlatforms) = preSolution
		Debug|Any CPU = Debug|Any CPU
		Release|Any CPU = Release|Any CPU
	EndGlobalSection
	GlobalSection(ProjectConfigurationPlatforms) = postSolution
		{D62B56C8-1FBF-4A32-9055-805DB67C87C9}.Debug|Any CPU.ActiveCfg = Debug|Any CPU
		{D62B56C8-1FBF-4A32-9055-805DB67C87C9}.Debug|Any CPU.Build.0 = Debug|Any CPU
		{D62B56C8-1FBF-4A32-9055-805DB67C87C9}.Release|Any CPU.ActiveCfg = Release|Any CPU
		{D62B56C8-1FBF-4A32-9055-805DB67C87C9}.Release|Any CPU.Build.0 = Release|Any CPU
		{1887B48F-A0AC-4AAA-81B3-67F8C7D999A2}.Debug|Any CPU.ActiveCfg = Debug|Any CPU
		{1887B48F-A0AC-4AAA-81B3-67F8C7D999A2}.Debug|Any CPU.Build.0 = Debug|Any CPU
		{1887B48F-A0AC-4AAA-81B3-67F8C7D999A2}.Release|Any CPU.ActiveCfg = Release|Any CPU
		{1887B48F-A0AC-4AAA-81B3-67F8C7D999A2}.Release|Any CPU.Build.0 = Release|Any CPU
		{06B6A968-D0BB-4281-9590-5EA21B202D1B}.Debug|Any CPU.ActiveCfg = Debug|Any CPU
		{06B6A968-D0BB-4281-9590-5EA21B202D1B}.Debug|Any CPU.Build.0 = Debug|Any CPU
		{06B6A968-D0BB-4281-9590-5EA21B202D1B}.Release|Any CPU.ActiveCfg = Release|Any CPU
		{06B6A968-D0BB-4281-9590-5EA21B202D1B}.Release|Any CPU.Build.0 = Release|Any CPU
		{86985DFD-A4FE-4483-B751-1AC970BAFAD5}.Debug|Any CPU.ActiveCfg = Debug|Any CPU
		{86985DFD-A4FE-4483-B751-1AC970BAFAD5}.Debug|Any CPU.Build.0 = Debug|Any CPU
		{86985DFD-A4FE-4483-B751-1AC970BAFAD5}.Release|Any CPU.ActiveCfg = Release|Any CPU
		{86985DFD-A4FE-4483-B751-1AC970BAFAD5}.Release|Any CPU.Build.0 = Release|Any CPU
		{136EB094-EFAD-47EB-A03D-F176D7548E40}.Debug|Any CPU.ActiveCfg = Debug|Any CPU
		{136EB094-EFAD-47EB-A03D-F176D7548E40}.Debug|Any CPU.Build.0 = Debug|Any CPU
		{136EB094-EFAD-47EB-A03D-F176D7548E40}.Release|Any CPU.ActiveCfg = Release|Any CPU
		{136EB094-EFAD-47EB-A03D-F176D7548E40}.Release|Any CPU.Build.0 = Release|Any CPU
	EndGlobalSection
	GlobalSection(SolutionProperties) = preSolution
		HideSolutionNode = FALSE
	EndGlobalSection
	GlobalSection(NestedProjects) = preSolution
		{A49B3BE5-F260-4D7D-87D2-766AB819F853} = {EE2C5AD1-A8A5-498B-9AEF-3A5B1032CBE9}
		{D62B56C8-1FBF-4A32-9055-805DB67C87C9} = {A49B3BE5-F260-4D7D-87D2-766AB819F853}
		{1887B48F-A0AC-4AAA-81B3-67F8C7D999A2} = {A49B3BE5-F260-4D7D-87D2-766AB819F853}
		{06B6A968-D0BB-4281-9590-5EA21B202D1B} = {A49B3BE5-F260-4D7D-87D2-766AB819F853}
		{86985DFD-A4FE-4483-B751-1AC970BAFAD5} = {A49B3BE5-F260-4D7D-87D2-766AB819F853}
		{136EB094-EFAD-47EB-A03D-F176D7548E40} = {A49B3BE5-F260-4D7D-87D2-766AB819F853}
	EndGlobalSection
	GlobalSection(ExtensibilityGlobals) = postSolution
		SolutionGuid = {3F0997CE-3F1E-4747-BF5B-4D4BC650D0BE}
	EndGlobalSection
EndGlobal
